
Microsoft Visual Studio Solution File, Format Version 12.00
# Visual Studio Version 16
VisualStudioVersion = 16.0.31313.79
MinimumVisualStudioVersion = 10.0.40219.1
Project("{8BC9CEB8-8B4A-11D0-8D11-00A0C91BC942}") = "AdvancedGamesAndGraphics", "AdvancedGamesAndGraphics\AdvancedGamesAndGraphics.vcxproj", "{E8DA88D9-F4AB-46A7-8D75-0F5699FE522C}"
EndProject
Global
	GlobalSection(SolutionConfigurationPlatforms) = preSolution
		Debug|x64 = Debug|x64
		PixDebug|x64 = PixDebug|x64
		PixRelease|x64 = PixRelease|x64
		Release|x64 = Release|x64
	EndGlobalSection
	GlobalSection(ProjectConfigurationPlatforms) = postSolution
		{E8DA88D9-F4AB-46A7-8D75-0F5699FE522C}.Debug|x64.ActiveCfg = Debug|x64
		{E8DA88D9-F4AB-46A7-8D75-0F5699FE522C}.Debug|x64.Build.0 = Debug|x64
		{E8DA88D9-F4AB-46A7-8D75-0F5699FE522C}.PixDebug|x64.ActiveCfg = PixDebug|x64
		{E8DA88D9-F4AB-46A7-8D75-0F5699FE522C}.PixDebug|x64.Build.0 = PixDebug|x64
		{E8DA88D9-F4AB-46A7-8D75-0F5699FE522C}.PixRelease|x64.ActiveCfg = PixRelease|x64
		{E8DA88D9-F4AB-46A7-8D75-0F5699FE522C}.PixRelease|x64.Build.0 = PixRelease|x64
		{E8DA88D9-F4AB-46A7-8D75-0F5699FE522C}.Release|x64.ActiveCfg = Release|x64
		{E8DA88D9-F4AB-46A7-8D75-0F5699FE522C}.Release|x64.Build.0 = Release|x64
	EndGlobalSection
	GlobalSection(SolutionProperties) = preSolution
		HideSolutionNode = FALSE
	EndGlobalSection
	GlobalSection(ExtensibilityGlobals) = postSolution
		SolutionGuid = {033B45E5-D014-48C2-9947-6CB16A8BA0FE}
	EndGlobalSection
EndGlobal
