<?xml version="1.0" encoding="utf-8"?>
<Project ToolsVersion="4.0" xmlns="http://schemas.microsoft.com/developer/msbuild/2003">
  <ItemGroup>
    <Filter Include="Resource Files">
      <UniqueIdentifier>{67DA6AB6-F800-4c08-8B7A-83BB121AAD01}</UniqueIdentifier>
      <Extensions>rc;ico;cur;bmp;dlg;rc2;rct;bin;rgs;gif;jpg;jpeg;jpe;resx;tiff;tif;png;wav;mfcribbon-ms</Extensions>
    </Filter>
    <Filter Include="Shaders">
      <UniqueIdentifier>{e1cb843b-9bb4-4bcf-a1ad-2c5a7ef8b9a8}</UniqueIdentifier>
    </Filter>
    <Filter Include="Engine">
      <UniqueIdentifier>{f5db3e50-611b-403e-9136-9ac11085ebe9}</UniqueIdentifier>
    </Filter>
    <Filter Include="Engine\Apps">
      <UniqueIdentifier>{29f8d1c7-c11c-49f1-9fc7-a97c03064c47}</UniqueIdentifier>
    </Filter>
    <Filter Include="Engine\Structure">
      <UniqueIdentifier>{1f719c85-e941-4019-8404-781842c7e498}</UniqueIdentifier>
    </Filter>
    <Filter Include="Engine\Commons">
      <UniqueIdentifier>{1b23d7d1-a2ce-44d1-a240-66dd3e2383b2}</UniqueIdentifier>
    </Filter>
    <Filter Include="Engine\Managers">
      <UniqueIdentifier>{ee666808-f80b-4a64-af62-92c9936ced9d}</UniqueIdentifier>
    </Filter>
    <Filter Include="Engine\Helpers">
      <UniqueIdentifier>{85c49a85-a6b0-480d-8868-d5f3f2e61178}</UniqueIdentifier>
    </Filter>
    <Filter Include="Engine\DirectX">
      <UniqueIdentifier>{50badcfe-8f30-49e2-8121-3ccb75881771}</UniqueIdentifier>
    </Filter>
    <Filter Include="Engine\GameObjects">
      <UniqueIdentifier>{62200be1-9e44-43f1-a44f-9e0053125c97}</UniqueIdentifier>
    </Filter>
    <Filter Include="Engine\Cameras">
      <UniqueIdentifier>{cd8858e1-a4cd-4052-87c6-02b2553d2532}</UniqueIdentifier>
    </Filter>
    <Filter Include="Engine\include">
      <UniqueIdentifier>{8dc50359-3a73-4587-9e5f-536cdb5df6e2}</UniqueIdentifier>
    </Filter>
    <Filter Include="Engine\include\imgui">
      <UniqueIdentifier>{94821517-45f4-456c-bdcf-5b0cc132741a}</UniqueIdentifier>
    </Filter>
  </ItemGroup>
  <ItemGroup>
    <ClCompile Include="Engine\Apps\App.cpp">
      <Filter>Engine\Apps</Filter>
    </ClCompile>
    <ClCompile Include="Engine\Commons\Timer.cpp">
      <Filter>Engine\Commons</Filter>
    </ClCompile>
    <ClCompile Include="Main.cpp" />
    <ClCompile Include="Engine\Helpers\DebugHelper.cpp">
      <Filter>Engine\Helpers</Filter>
    </ClCompile>
    <ClCompile Include="Engine\Managers\WindowManager.cpp">
      <Filter>Engine\Managers</Filter>
    </ClCompile>
    <ClCompile Include="Engine\Managers\ObjectManager.cpp">
      <Filter>Engine\Managers</Filter>
    </ClCompile>
    <ClCompile Include="Engine\Helpers\MathHelper.cpp">
      <Filter>Engine\Helpers</Filter>
    </ClCompile>
    <ClCompile Include="Engine\Cameras\Camera.cpp">
      <Filter>Engine\Cameras</Filter>
    </ClCompile>
    <ClCompile Include="Engine\GameObjects\GameObject.cpp">
      <Filter>Engine\GameObjects</Filter>
    </ClCompile>
    <ClCompile Include="Engine\GameObjects\VisibleGameObject.cpp">
      <Filter>Engine\GameObjects</Filter>
    </ClCompile>
    <ClCompile Include="Engine\Cameras\DebugCamera.cpp">
      <Filter>Engine\Cameras</Filter>
    </ClCompile>
    <ClCompile Include="Engine\Helpers\DirectXHelper.cpp">
      <Filter>Engine\Helpers</Filter>
    </ClCompile>
    <ClCompile Include="Engine\Apps\BasicApp.cpp">
      <Filter>Engine\Apps</Filter>
    </ClCompile>
    <ClCompile Include="Engine\include\imgui\imgui.cpp">
      <Filter>Engine\include\imgui</Filter>
    </ClCompile>
    <ClCompile Include="Engine\include\imgui\imgui_demo.cpp">
      <Filter>Engine\include\imgui</Filter>
    </ClCompile>
    <ClCompile Include="Engine\include\imgui\imgui_draw.cpp">
      <Filter>Engine\include\imgui</Filter>
    </ClCompile>
    <ClCompile Include="Engine\include\imgui\imgui_impl_dx12.cpp">
      <Filter>Engine\include\imgui</Filter>
    </ClCompile>
    <ClCompile Include="Engine\include\imgui\imgui_impl_win32.cpp">
      <Filter>Engine\include\imgui</Filter>
    </ClCompile>
    <ClCompile Include="Engine\include\imgui\imgui_tables.cpp">
      <Filter>Engine\include\imgui</Filter>
    </ClCompile>
    <ClCompile Include="Engine\include\imgui\imgui_widgets.cpp">
      <Filter>Engine\include\imgui</Filter>
    </ClCompile>
    <ClCompile Include="Engine\Managers\ShaderManager.cpp">
      <Filter>Engine\Managers</Filter>
    </ClCompile>
  </ItemGroup>
  <ItemGroup>
    <FxCompile Include="Shaders\PixelShader.hlsl">
      <Filter>Shaders</Filter>
    </FxCompile>
    <FxCompile Include="Shaders\VertexShader.hlsl">
      <Filter>Shaders</Filter>
    </FxCompile>
  </ItemGroup>
  <ItemGroup>
    <ClInclude Include="Engine\Structure\Singleton.h">
      <Filter>Engine\Structure</Filter>
    </ClInclude>
    <ClInclude Include="Engine\Apps\App.h">
      <Filter>Engine\Apps</Filter>
    </ClInclude>
    <ClInclude Include="Engine\Commons\Timer.h">
      <Filter>Engine\Commons</Filter>
    </ClInclude>
    <ClInclude Include="Engine\Helpers\DebugHelper.h">
      <Filter>Engine\Helpers</Filter>
    </ClInclude>
    <ClInclude Include="Engine\Managers\WindowManager.h">
      <Filter>Engine\Managers</Filter>
    </ClInclude>
    <ClInclude Include="Engine\DirectX\UploadBuffer.h">
      <Filter>Engine\DirectX</Filter>
    </ClInclude>
    <ClInclude Include="Engine\Managers\ObjectManager.h">
      <Filter>Engine\Managers</Filter>
    </ClInclude>
    <ClInclude Include="Engine\Helpers\MathHelper.h">
      <Filter>Engine\Helpers</Filter>
    </ClInclude>
    <ClInclude Include="Engine\Cameras\Camera.h">
      <Filter>Engine\Cameras</Filter>
    </ClInclude>
    <ClInclude Include="Engine\GameObjects\GameObject.h">
      <Filter>Engine\GameObjects</Filter>
    </ClInclude>
    <ClInclude Include="Engine\DirectX\MeshGeometry.h">
      <Filter>Engine\DirectX</Filter>
    </ClInclude>
    <ClInclude Include="Engine\GameObjects\VisibleGameObject.h">
      <Filter>Engine\GameObjects</Filter>
    </ClInclude>
    <ClInclude Include="Engine\Cameras\DebugCamera.h">
      <Filter>Engine\Cameras</Filter>
    </ClInclude>
    <ClInclude Include="Engine\DirectX\Vertices.h">
      <Filter>Engine\DirectX</Filter>
    </ClInclude>
    <ClInclude Include="Engine\Helpers\DirectXHelper.h">
      <Filter>Engine\Helpers</Filter>
    </ClInclude>
    <ClInclude Include="Engine\Apps\BasicApp.h">
      <Filter>Engine\Apps</Filter>
    </ClInclude>
    <ClInclude Include="Engine\include\imgui\imconfig.h">
      <Filter>Engine\include\imgui</Filter>
    </ClInclude>
    <ClInclude Include="Engine\include\imgui\imgui.h">
      <Filter>Engine\include\imgui</Filter>
    </ClInclude>
    <ClInclude Include="Engine\include\imgui\imgui_impl_dx12.h">
      <Filter>Engine\include\imgui</Filter>
    </ClInclude>
    <ClInclude Include="Engine\include\imgui\imgui_impl_win32.h">
      <Filter>Engine\include\imgui</Filter>
    </ClInclude>
    <ClInclude Include="Engine\include\imgui\imgui_internal.h">
      <Filter>Engine\include\imgui</Filter>
    </ClInclude>
    <ClInclude Include="Engine\include\imgui\imstb_rectpack.h">
      <Filter>Engine\include\imgui</Filter>
    </ClInclude>
    <ClInclude Include="Engine\include\imgui\imstb_textedit.h">
      <Filter>Engine\include\imgui</Filter>
    </ClInclude>
    <ClInclude Include="Engine\include\imgui\imstb_truetype.h">
      <Filter>Engine\include\imgui</Filter>
    </ClInclude>
    <ClInclude Include="Engine\DirectX\ConstantBuffers.h">
      <Filter>Engine\DirectX</Filter>
    </ClInclude>
    <ClInclude Include="Engine\Managers\ShaderManager.h">
      <Filter>Engine\Managers</Filter>
    </ClInclude>
    <ClInclude Include="Engine\DirectX\Shader.h">
      <Filter>Engine\DirectX</Filter>
    </ClInclude>
  </ItemGroup>
</Project>